
Microsoft Visual Studio Solution File, Format Version 12.00
# Visual Studio Version 17
VisualStudioVersion = 17.6.33712.159
MinimumVisualStudioVersion = 10.0.40219.1
Project("{FAE04EC0-301F-11D3-BF4B-00C04F79EFBC}") = "WebReclutaApp", "WebReclutaApp\WebReclutaApp.csproj", "{C2285AC5-03F1-4FB7-BFEF-58A7375FE113}"
EndProject
Global
	GlobalSection(SolutionConfigurationPlatforms) = preSolution
		Debug|Any CPU = Debug|Any CPU
		Release|Any CPU = Release|Any CPU
	EndGlobalSection
	GlobalSection(ProjectConfigurationPlatforms) = postSolution
		{C2285AC5-03F1-4FB7-BFEF-58A7375FE113}.Debug|Any CPU.ActiveCfg = Debug|Any CPU
		{C2285AC5-03F1-4FB7-BFEF-58A7375FE113}.Debug|Any CPU.Build.0 = Debug|Any CPU
		{C2285AC5-03F1-4FB7-BFEF-58A7375FE113}.Release|Any CPU.ActiveCfg = Release|Any CPU
		{C2285AC5-03F1-4FB7-BFEF-58A7375FE113}.Release|Any CPU.Build.0 = Release|Any CPU
	EndGlobalSection
	GlobalSection(SolutionProperties) = preSolution
		HideSolutionNode = FALSE
	EndGlobalSection
	GlobalSection(ExtensibilityGlobals) = postSolution
		SolutionGuid = {92E0FE4D-B602-4C90-A5A5-28F454511C8C}
	EndGlobalSection
EndGlobal
